
Microsoft Visual Studio Solution File, Format Version 12.00
# Visual Studio 15
VisualStudioVersion = 15.0.28307.489
MinimumVisualStudioVersion = 10.0.40219.1
Project("{FAE04EC0-301F-11D3-BF4B-00C04F79EFBC}") = "LibraryMVC", "LibraryMVC\LibraryMVC.csproj", "{FFC7697A-507A-4AD4-9386-104AA5BE8189}"
EndProject
Global
	GlobalSection(SolutionConfigurationPlatforms) = preSolution
		Debug|Any CPU = Debug|Any CPU
		Release|Any CPU = Release|Any CPU
	EndGlobalSection
	GlobalSection(ProjectConfigurationPlatforms) = postSolution
		{FFC7697A-507A-4AD4-9386-104AA5BE8189}.Debug|Any CPU.ActiveCfg = Debug|Any CPU
		{FFC7697A-507A-4AD4-9386-104AA5BE8189}.Debug|Any CPU.Build.0 = Debug|Any CPU
		{FFC7697A-507A-4AD4-9386-104AA5BE8189}.Release|Any CPU.ActiveCfg = Release|Any CPU
		{FFC7697A-507A-4AD4-9386-104AA5BE8189}.Release|Any CPU.Build.0 = Release|Any CPU
	EndGlobalSection
	GlobalSection(SolutionProperties) = preSolution
		HideSolutionNode = FALSE
	EndGlobalSection
	GlobalSection(ExtensibilityGlobals) = postSolution
		SolutionGuid = {6A478584-8548-4BD2-84E8-DB976EDB37A0}
	EndGlobalSection
EndGlobal
